
Microsoft Visual Studio Solution File, Format Version 12.00
# Visual Studio Version 16
VisualStudioVersion = 16.0.29709.97
MinimumVisualStudioVersion = 10.0.40219.1
Project("{FAE04EC0-301F-11D3-BF4B-00C04F79EFBC}") = "WPFIU", "WPFIU\WPFIU.csproj", "{FAC3F907-1D7D-463C-8631-0BFD5F4A1939}"
EndProject
Project("{FAE04EC0-301F-11D3-BF4B-00C04F79EFBC}") = "Engine", "Engine\Engine.csproj", "{76373942-2562-4892-A357-A709E2C1C732}"
EndProject
Global
	GlobalSection(SolutionConfigurationPlatforms) = preSolution
		Debug|Any CPU = Debug|Any CPU
		Release|Any CPU = Release|Any CPU
	EndGlobalSection
	GlobalSection(ProjectConfigurationPlatforms) = postSolution
		{FAC3F907-1D7D-463C-8631-0BFD5F4A1939}.Debug|Any CPU.ActiveCfg = Debug|Any CPU
		{FAC3F907-1D7D-463C-8631-0BFD5F4A1939}.Debug|Any CPU.Build.0 = Debug|Any CPU
		{FAC3F907-1D7D-463C-8631-0BFD5F4A1939}.Release|Any CPU.ActiveCfg = Release|Any CPU
		{FAC3F907-1D7D-463C-8631-0BFD5F4A1939}.Release|Any CPU.Build.0 = Release|Any CPU
		{76373942-2562-4892-A357-A709E2C1C732}.Debug|Any CPU.ActiveCfg = Debug|Any CPU
		{76373942-2562-4892-A357-A709E2C1C732}.Debug|Any CPU.Build.0 = Debug|Any CPU
		{76373942-2562-4892-A357-A709E2C1C732}.Release|Any CPU.ActiveCfg = Release|Any CPU
		{76373942-2562-4892-A357-A709E2C1C732}.Release|Any CPU.Build.0 = Release|Any CPU
	EndGlobalSection
	GlobalSection(SolutionProperties) = preSolution
		HideSolutionNode = FALSE
	EndGlobalSection
	GlobalSection(ExtensibilityGlobals) = postSolution
		SolutionGuid = {503D8F72-7194-47FE-B8CA-985F2E7DB73A}
		VisualSVNWorkingCopyRoot = .
	EndGlobalSection
EndGlobal
